
Microsoft Visual Studio Solution File, Format Version 12.00
# Visual Studio 15
Project("{FAE04EC0-301F-11D3-BF4B-00C04F79EFBC}") = "Placeables", "Placeables.csproj", "{FA4577D2-5A89-C031-01BD-FC3ACA3940D4}"
EndProject
Project("{FAE04EC0-301F-11D3-BF4B-00C04F79EFBC}") = "TimeBased", "TimeBased.csproj", "{4EE736BA-02E6-B8D8-77F0-80B5809304F8}"
EndProject
Project("{FAE04EC0-301F-11D3-BF4B-00C04F79EFBC}") = "Grid", "Grid.csproj", "{52F45092-1270-AD02-C824-85BD9C892A6A}"
EndProject
Project("{FAE04EC0-301F-11D3-BF4B-00C04F79EFBC}") = "Utility", "Utility.csproj", "{813E9892-C0C8-D57D-6487-5582D295B456}"
EndProject
Project("{FAE04EC0-301F-11D3-BF4B-00C04F79EFBC}") = "Planteables", "Planteables.csproj", "{62657A79-AE7D-DE27-EF05-DDACB730674B}"
EndProject
Project("{FAE04EC0-301F-11D3-BF4B-00C04F79EFBC}") = "PlayMode", "PlayMode.csproj", "{5E56B347-C5E9-C5BC-B6E4-5666DFE5A5D5}"
EndProject
Project("{FAE04EC0-301F-11D3-BF4B-00C04F79EFBC}") = "Assembly-CSharp", "Assembly-CSharp.csproj", "{A8A9A748-A766-BBF7-2D2A-6B3098B03F07}"
EndProject
Global
	GlobalSection(SolutionConfigurationPlatforms) = preSolution
		Debug|Any CPU = Debug|Any CPU
		Release|Any CPU = Release|Any CPU
	EndGlobalSection
	GlobalSection(ProjectConfigurationPlatforms) = postSolution
		{FA4577D2-5A89-C031-01BD-FC3ACA3940D4}.Debug|Any CPU.ActiveCfg = Debug|Any CPU
		{FA4577D2-5A89-C031-01BD-FC3ACA3940D4}.Debug|Any CPU.Build.0 = Debug|Any CPU
		{FA4577D2-5A89-C031-01BD-FC3ACA3940D4}.Release|Any CPU.ActiveCfg = Release|Any CPU
		{FA4577D2-5A89-C031-01BD-FC3ACA3940D4}.Release|Any CPU.Build.0 = Release|Any CPU
		{4EE736BA-02E6-B8D8-77F0-80B5809304F8}.Debug|Any CPU.ActiveCfg = Debug|Any CPU
		{4EE736BA-02E6-B8D8-77F0-80B5809304F8}.Debug|Any CPU.Build.0 = Debug|Any CPU
		{4EE736BA-02E6-B8D8-77F0-80B5809304F8}.Release|Any CPU.ActiveCfg = Release|Any CPU
		{4EE736BA-02E6-B8D8-77F0-80B5809304F8}.Release|Any CPU.Build.0 = Release|Any CPU
		{52F45092-1270-AD02-C824-85BD9C892A6A}.Debug|Any CPU.ActiveCfg = Debug|Any CPU
		{52F45092-1270-AD02-C824-85BD9C892A6A}.Debug|Any CPU.Build.0 = Debug|Any CPU
		{52F45092-1270-AD02-C824-85BD9C892A6A}.Release|Any CPU.ActiveCfg = Release|Any CPU
		{52F45092-1270-AD02-C824-85BD9C892A6A}.Release|Any CPU.Build.0 = Release|Any CPU
		{813E9892-C0C8-D57D-6487-5582D295B456}.Debug|Any CPU.ActiveCfg = Debug|Any CPU
		{813E9892-C0C8-D57D-6487-5582D295B456}.Debug|Any CPU.Build.0 = Debug|Any CPU
		{813E9892-C0C8-D57D-6487-5582D295B456}.Release|Any CPU.ActiveCfg = Release|Any CPU
		{813E9892-C0C8-D57D-6487-5582D295B456}.Release|Any CPU.Build.0 = Release|Any CPU
		{62657A79-AE7D-DE27-EF05-DDACB730674B}.Debug|Any CPU.ActiveCfg = Debug|Any CPU
		{62657A79-AE7D-DE27-EF05-DDACB730674B}.Debug|Any CPU.Build.0 = Debug|Any CPU
		{62657A79-AE7D-DE27-EF05-DDACB730674B}.Release|Any CPU.ActiveCfg = Release|Any CPU
		{62657A79-AE7D-DE27-EF05-DDACB730674B}.Release|Any CPU.Build.0 = Release|Any CPU
		{5E56B347-C5E9-C5BC-B6E4-5666DFE5A5D5}.Debug|Any CPU.ActiveCfg = Debug|Any CPU
		{5E56B347-C5E9-C5BC-B6E4-5666DFE5A5D5}.Debug|Any CPU.Build.0 = Debug|Any CPU
		{5E56B347-C5E9-C5BC-B6E4-5666DFE5A5D5}.Release|Any CPU.ActiveCfg = Release|Any CPU
		{5E56B347-C5E9-C5BC-B6E4-5666DFE5A5D5}.Release|Any CPU.Build.0 = Release|Any CPU
		{A8A9A748-A766-BBF7-2D2A-6B3098B03F07}.Debug|Any CPU.ActiveCfg = Debug|Any CPU
		{A8A9A748-A766-BBF7-2D2A-6B3098B03F07}.Debug|Any CPU.Build.0 = Debug|Any CPU
		{A8A9A748-A766-BBF7-2D2A-6B3098B03F07}.Release|Any CPU.ActiveCfg = Release|Any CPU
		{A8A9A748-A766-BBF7-2D2A-6B3098B03F07}.Release|Any CPU.Build.0 = Release|Any CPU
	EndGlobalSection
	GlobalSection(SolutionProperties) = preSolution
		HideSolutionNode = FALSE
	EndGlobalSection
EndGlobal
